// !$*UTF8*$!
{
	archiveVersion = 1;
	classes = {
	};
	objectVersion = 56;
	objects = {

/* Begin PBXBuildFile section */
		F43DC92B2C360DD1003BDC84 /* Desserts_Gallore_yApp.swift in Sources */ = {isa = PBXBuildFile; fileRef = F43DC92A2C360DD1003BDC84 /* Desserts_Gallore_yApp.swift */; };
		F43DC92D2C360DD1003BDC84 /* ContentView.swift in Sources */ = {isa = PBXBuildFile; fileRef = F43DC92C2C360DD1003BDC84 /* ContentView.swift */; };
		F43DC92F2C360DD6003BDC84 /* Assets.xcassets in Resources */ = {isa = PBXBuildFile; fileRef = F43DC92E2C360DD6003BDC84 /* Assets.xcassets */; };
		F43DC9332C360DD6003BDC84 /* Preview Assets.xcassets in Resources */ = {isa = PBXBuildFile; fileRef = F43DC9322C360DD6003BDC84 /* Preview Assets.xcassets */; };
		F43DC93D2C360DD7003BDC84 /* Desserts_Gallore_yTests.swift in Sources */ = {isa = PBXBuildFile; fileRef = F43DC93C2C360DD7003BDC84 /* Desserts_Gallore_yTests.swift */; };
		F43DC9472C360DD7003BDC84 /* Desserts_Gallore_yUITests.swift in Sources */ = {isa = PBXBuildFile; fileRef = F43DC9462C360DD7003BDC84 /* Desserts_Gallore_yUITests.swift */; };
		F43DC9492C360DD7003BDC84 /* Desserts_Gallore_yUITestsLaunchTests.swift in Sources */ = {isa = PBXBuildFile; fileRef = F43DC9482C360DD7003BDC84 /* Desserts_Gallore_yUITestsLaunchTests.swift */; };
		F43DC9562C361135003BDC84 /* MealModels.swift in Sources */ = {isa = PBXBuildFile; fileRef = F43DC9552C361135003BDC84 /* MealModels.swift */; };
		F43DC9582C36118A003BDC84 /* MealService.swift in Sources */ = {isa = PBXBuildFile; fileRef = F43DC9572C36118A003BDC84 /* MealService.swift */; };
/* End PBXBuildFile section */

/* Begin PBXContainerItemProxy section */
		F43DC9392C360DD7003BDC84 /* PBXContainerItemProxy */ = {
			isa = PBXContainerItemProxy;
			containerPortal = F43DC91F2C360DD1003BDC84 /* Project object */;
			proxyType = 1;
			remoteGlobalIDString = F43DC9262C360DD1003BDC84;
			remoteInfo = "Desserts-Gallore-y";
		};
		F43DC9432C360DD7003BDC84 /* PBXContainerItemProxy */ = {
			isa = PBXContainerItemProxy;
			containerPortal = F43DC91F2C360DD1003BDC84 /* Project object */;
			proxyType = 1;
			remoteGlobalIDString = F43DC9262C360DD1003BDC84;
			remoteInfo = "Desserts-Gallore-y";
		};
/* End PBXContainerItemProxy section */

/* Begin PBXFileReference section */
		F43DC9272C360DD1003BDC84 /* Desserts-Gallore-y.app */ = {isa = PBXFileReference; explicitFileType = wrapper.application; includeInIndex = 0; path = "Desserts-Gallore-y.app"; sourceTree = BUILT_PRODUCTS_DIR; };
		F43DC92A2C360DD1003BDC84 /* Desserts_Gallore_yApp.swift */ = {isa = PBXFileReference; lastKnownFileType = sourcecode.swift; path = Desserts_Gallore_yApp.swift; sourceTree = "<group>"; };
		F43DC92C2C360DD1003BDC84 /* ContentView.swift */ = {isa = PBXFileReference; lastKnownFileType = sourcecode.swift; path = ContentView.swift; sourceTree = "<group>"; };
		F43DC92E2C360DD6003BDC84 /* Assets.xcassets */ = {isa = PBXFileReference; lastKnownFileType = folder.assetcatalog; path = Assets.xcassets; sourceTree = "<group>"; };
		F43DC9302C360DD6003BDC84 /* Desserts_Gallore_y.entitlements */ = {isa = PBXFileReference; lastKnownFileType = text.plist.entitlements; path = Desserts_Gallore_y.entitlements; sourceTree = "<group>"; };
		F43DC9322C360DD6003BDC84 /* Preview Assets.xcassets */ = {isa = PBXFileReference; lastKnownFileType = folder.assetcatalog; path = "Preview Assets.xcassets"; sourceTree = "<group>"; };
		F43DC9382C360DD7003BDC84 /* Desserts-Gallore-yTests.xctest */ = {isa = PBXFileReference; explicitFileType = wrapper.cfbundle; includeInIndex = 0; path = "Desserts-Gallore-yTests.xctest"; sourceTree = BUILT_PRODUCTS_DIR; };
		F43DC93C2C360DD7003BDC84 /* Desserts_Gallore_yTests.swift */ = {isa = PBXFileReference; lastKnownFileType = sourcecode.swift; path = Desserts_Gallore_yTests.swift; sourceTree = "<group>"; };
		F43DC9422C360DD7003BDC84 /* Desserts-Gallore-yUITests.xctest */ = {isa = PBXFileReference; explicitFileType = wrapper.cfbundle; includeInIndex = 0; path = "Desserts-Gallore-yUITests.xctest"; sourceTree = BUILT_PRODUCTS_DIR; };
		F43DC9462C360DD7003BDC84 /* Desserts_Gallore_yUITests.swift */ = {isa = PBXFileReference; lastKnownFileType = sourcecode.swift; path = Desserts_Gallore_yUITests.swift; sourceTree = "<group>"; };
		F43DC9482C360DD7003BDC84 /* Desserts_Gallore_yUITestsLaunchTests.swift */ = {isa = PBXFileReference; lastKnownFileType = sourcecode.swift; path = Desserts_Gallore_yUITestsLaunchTests.swift; sourceTree = "<group>"; };
		F43DC9552C361135003BDC84 /* MealModels.swift */ = {isa = PBXFileReference; lastKnownFileType = sourcecode.swift; path = MealModels.swift; sourceTree = "<group>"; };
		F43DC9572C36118A003BDC84 /* MealService.swift */ = {isa = PBXFileReference; lastKnownFileType = sourcecode.swift; path = MealService.swift; sourceTree = "<group>"; };
/* End PBXFileReference section */

/* Begin PBXFrameworksBuildPhase section */
		F43DC9242C360DD1003BDC84 /* Frameworks */ = {
			isa = PBXFrameworksBuildPhase;
			buildActionMask = 2147483647;
			files = (
			);
			runOnlyForDeploymentPostprocessing = 0;
		};
		F43DC9352C360DD7003BDC84 /* Frameworks */ = {
			isa = PBXFrameworksBuildPhase;
			buildActionMask = 2147483647;
			files = (
			);
			runOnlyForDeploymentPostprocessing = 0;
		};
		F43DC93F2C360DD7003BDC84 /* Frameworks */ = {
			isa = PBXFrameworksBuildPhase;
			buildActionMask = 2147483647;
			files = (
			);
			runOnlyForDeploymentPostprocessing = 0;
		};
/* End PBXFrameworksBuildPhase section */

/* Begin PBXGroup section */
		F43DC91E2C360DD1003BDC84 = {
			isa = PBXGroup;
			children = (
				F43DC9292C360DD1003BDC84 /* Desserts-Gallore-y */,
				F43DC93B2C360DD7003BDC84 /* Desserts-Gallore-yTests */,
				F43DC9452C360DD7003BDC84 /* Desserts-Gallore-yUITests */,
				F43DC9282C360DD1003BDC84 /* Products */,
			);
			sourceTree = "<group>";
		};
		F43DC9282C360DD1003BDC84 /* Products */ = {
			isa = PBXGroup;
			children = (
				F43DC9272C360DD1003BDC84 /* Desserts-Gallore-y.app */,
				F43DC9382C360DD7003BDC84 /* Desserts-Gallore-yTests.xctest */,
				F43DC9422C360DD7003BDC84 /* Desserts-Gallore-yUITests.xctest */,
			);
			name = Products;
			sourceTree = "<group>";
		};
		F43DC9292C360DD1003BDC84 /* Desserts-Gallore-y */ = {
			isa = PBXGroup;
			children = (
				F43DC92A2C360DD1003BDC84 /* Desserts_Gallore_yApp.swift */,
				F43DC92C2C360DD1003BDC84 /* ContentView.swift */,
				F43DC92E2C360DD6003BDC84 /* Assets.xcassets */,
				F43DC9302C360DD6003BDC84 /* Desserts_Gallore_y.entitlements */,
				F43DC9312C360DD6003BDC84 /* Preview Content */,
				F43DC9552C361135003BDC84 /* MealModels.swift */,
				F43DC9572C36118A003BDC84 /* MealService.swift */,
			);
			path = "Desserts-Gallore-y";
			sourceTree = "<group>";
		};
		F43DC9312C360DD6003BDC84 /* Preview Content */ = {
			isa = PBXGroup;
			children = (
				F43DC9322C360DD6003BDC84 /* Preview Assets.xcassets */,
			);
			path = "Preview Content";
			sourceTree = "<group>";
		};
		F43DC93B2C360DD7003BDC84 /* Desserts-Gallore-yTests */ = {
			isa = PBXGroup;
			children = (
				F43DC93C2C360DD7003BDC84 /* Desserts_Gallore_yTests.swift */,
			);
			path = "Desserts-Gallore-yTests";
			sourceTree = "<group>";
		};
		F43DC9452C360DD7003BDC84 /* Desserts-Gallore-yUITests */ = {
			isa = PBXGroup;
			children = (
				F43DC9462C360DD7003BDC84 /* Desserts_Gallore_yUITests.swift */,
				F43DC9482C360DD7003BDC84 /* Desserts_Gallore_yUITestsLaunchTests.swift */,
			);
			path = "Desserts-Gallore-yUITests";
			sourceTree = "<group>";
		};
/* End PBXGroup section */

/* Begin PBXNativeTarget section */
		F43DC9262C360DD1003BDC84 /* Desserts-Gallore-y */ = {
			isa = PBXNativeTarget;
			buildConfigurationList = F43DC94C2C360DD7003BDC84 /* Build configuration list for PBXNativeTarget "Desserts-Gallore-y" */;
			buildPhases = (
				F43DC9232C360DD1003BDC84 /* Sources */,
				F43DC9242C360DD1003BDC84 /* Frameworks */,
				F43DC9252C360DD1003BDC84 /* Resources */,
			);
			buildRules = (
			);
			dependencies = (
			);
			name = "Desserts-Gallore-y";
			productName = "Desserts-Gallore-y";
			productReference = F43DC9272C360DD1003BDC84 /* Desserts-Gallore-y.app */;
			productType = "com.apple.product-type.application";
		};
		F43DC9372C360DD7003BDC84 /* Desserts-Gallore-yTests */ = {
			isa = PBXNativeTarget;
			buildConfigurationList = F43DC94F2C360DD7003BDC84 /* Build configuration list for PBXNativeTarget "Desserts-Gallore-yTests" */;
			buildPhases = (
				F43DC9342C360DD7003BDC84 /* Sources */,
				F43DC9352C360DD7003BDC84 /* Frameworks */,
				F43DC9362C360DD7003BDC84 /* Resources */,
			);
			buildRules = (
			);
			dependencies = (
				F43DC93A2C360DD7003BDC84 /* PBXTargetDependency */,
			);
			name = "Desserts-Gallore-yTests";
			productName = "Desserts-Gallore-yTests";
			productReference = F43DC9382C360DD7003BDC84 /* Desserts-Gallore-yTests.xctest */;
			productType = "com.apple.product-type.bundle.unit-test";
		};
		F43DC9412C360DD7003BDC84 /* Desserts-Gallore-yUITests */ = {
			isa = PBXNativeTarget;
			buildConfigurationList = F43DC9522C360DD7003BDC84 /* Build configuration list for PBXNativeTarget "Desserts-Gallore-yUITests" */;
			buildPhases = (
				F43DC93E2C360DD7003BDC84 /* Sources */,
				F43DC93F2C360DD7003BDC84 /* Frameworks */,
				F43DC9402C360DD7003BDC84 /* Resources */,
			);
			buildRules = (
			);
			dependencies = (
				F43DC9442C360DD7003BDC84 /* PBXTargetDependency */,
			);
			name = "Desserts-Gallore-yUITests";
			productName = "Desserts-Gallore-yUITests";
			productReference = F43DC9422C360DD7003BDC84 /* Desserts-Gallore-yUITests.xctest */;
			productType = "com.apple.product-type.bundle.ui-testing";
		};
/* End PBXNativeTarget section */

/* Begin PBXProject section */
		F43DC91F2C360DD1003BDC84 /* Project object */ = {
			isa = PBXProject;
			attributes = {
				BuildIndependentTargetsInParallel = 1;
				LastSwiftUpdateCheck = 1540;
				LastUpgradeCheck = 1540;
				TargetAttributes = {
					F43DC9262C360DD1003BDC84 = {
						CreatedOnToolsVersion = 15.4;
					};
					F43DC9372C360DD7003BDC84 = {
						CreatedOnToolsVersion = 15.4;
						TestTargetID = F43DC9262C360DD1003BDC84;
					};
					F43DC9412C360DD7003BDC84 = {
						CreatedOnToolsVersion = 15.4;
						TestTargetID = F43DC9262C360DD1003BDC84;
					};
				};
			};
			buildConfigurationList = F43DC9222C360DD1003BDC84 /* Build configuration list for PBXProject "Desserts-Gallore-y" */;
			compatibilityVersion = "Xcode 14.0";
			developmentRegion = en;
			hasScannedForEncodings = 0;
			knownRegions = (
				en,
				Base,
			);
			mainGroup = F43DC91E2C360DD1003BDC84;
			productRefGroup = F43DC9282C360DD1003BDC84 /* Products */;
			projectDirPath = "";
			projectRoot = "";
			targets = (
				F43DC9262C360DD1003BDC84 /* Desserts-Gallore-y */,
				F43DC9372C360DD7003BDC84 /* Desserts-Gallore-yTests */,
				F43DC9412C360DD7003BDC84 /* Desserts-Gallore-yUITests */,
			);
		};
/* End PBXProject section */

/* Begin PBXResourcesBuildPhase section */
		F43DC9252C360DD1003BDC84 /* Resources */ = {
			isa = PBXResourcesBuildPhase;
			buildActionMask = 2147483647;
			files = (
				F43DC9332C360DD6003BDC84 /* Preview Assets.xcassets in Resources */,
				F43DC92F2C360DD6003BDC84 /* Assets.xcassets in Resources */,
			);
			runOnlyForDeploymentPostprocessing = 0;
		};
		F43DC9362C360DD7003BDC84 /* Resources */ = {
			isa = PBXResourcesBuildPhase;
			buildActionMask = 2147483647;
			files = (
			);
			runOnlyForDeploymentPostprocessing = 0;
		};
		F43DC9402C360DD7003BDC84 /* Resources */ = {
			isa = PBXResourcesBuildPhase;
			buildActionMask = 2147483647;
			files = (
			);
			runOnlyForDeploymentPostprocessing = 0;
		};
/* End PBXResourcesBuildPhase section */

/* Begin PBXSourcesBuildPhase section */
		F43DC9232C360DD1003BDC84 /* Sources */ = {
			isa = PBXSourcesBuildPhase;
			buildActionMask = 2147483647;
			files = (
				F43DC9582C36118A003BDC84 /* MealService.swift in Sources */,
				F43DC92D2C360DD1003BDC84 /* ContentView.swift in Sources */,
				F43DC92B2C360DD1003BDC84 /* Desserts_Gallore_yApp.swift in Sources */,
				F43DC9562C361135003BDC84 /* MealModels.swift in Sources */,
			);
			runOnlyForDeploymentPostprocessing = 0;
		};
		F43DC9342C360DD7003BDC84 /* Sources */ = {
			isa = PBXSourcesBuildPhase;
			buildActionMask = 2147483647;
			files = (
				F43DC93D2C360DD7003BDC84 /* Desserts_Gallore_yTests.swift in Sources */,
			);
			runOnlyForDeploymentPostprocessing = 0;
		};
		F43DC93E2C360DD7003BDC84 /* Sources */ = {
			isa = PBXSourcesBuildPhase;
			buildActionMask = 2147483647;
			files = (
				F43DC9492C360DD7003BDC84 /* Desserts_Gallore_yUITestsLaunchTests.swift in Sources */,
				F43DC9472C360DD7003BDC84 /* Desserts_Gallore_yUITests.swift in Sources */,
			);
			runOnlyForDeploymentPostprocessing = 0;
		};
/* End PBXSourcesBuildPhase section */

/* Begin PBXTargetDependency section */
		F43DC93A2C360DD7003BDC84 /* PBXTargetDependency */ = {
			isa = PBXTargetDependency;
			target = F43DC9262C360DD1003BDC84 /* Desserts-Gallore-y */;
			targetProxy = F43DC9392C360DD7003BDC84 /* PBXContainerItemProxy */;
		};
		F43DC9442C360DD7003BDC84 /* PBXTargetDependency */ = {
			isa = PBXTargetDependency;
			target = F43DC9262C360DD1003BDC84 /* Desserts-Gallore-y */;
			targetProxy = F43DC9432C360DD7003BDC84 /* PBXContainerItemProxy */;
		};
/* End PBXTargetDependency section */

/* Begin XCBuildConfiguration section */
		F43DC94A2C360DD7003BDC84 /* Debug */ = {
			isa = XCBuildConfiguration;
			buildSettings = {
				ALWAYS_SEARCH_USER_PATHS = NO;
				ASSETCATALOG_COMPILER_GENERATE_SWIFT_ASSET_SYMBOL_EXTENSIONS = YES;
				CLANG_ANALYZER_NONNULL = YES;
				CLANG_ANALYZER_NUMBER_OBJECT_CONVERSION = YES_AGGRESSIVE;
				CLANG_CXX_LANGUAGE_STANDARD = "gnu++20";
				CLANG_ENABLE_MODULES = YES;
				CLANG_ENABLE_OBJC_ARC = YES;
				CLANG_ENABLE_OBJC_WEAK = YES;
				CLANG_WARN_BLOCK_CAPTURE_AUTORELEASING = YES;
				CLANG_WARN_BOOL_CONVERSION = YES;
				CLANG_WARN_COMMA = YES;
				CLANG_WARN_CONSTANT_CONVERSION = YES;
				CLANG_WARN_DEPRECATED_OBJC_IMPLEMENTATIONS = YES;
				CLANG_WARN_DIRECT_OBJC_ISA_USAGE = YES_ERROR;
				CLANG_WARN_DOCUMENTATION_COMMENTS = YES;
				CLANG_WARN_EMPTY_BODY = YES;
				CLANG_WARN_ENUM_CONVERSION = YES;
				CLANG_WARN_INFINITE_RECURSION = YES;
				CLANG_WARN_INT_CONVERSION = YES;
				CLANG_WARN_NON_LITERAL_NULL_CONVERSION = YES;
				CLANG_WARN_OBJC_IMPLICIT_RETAIN_SELF = YES;
				CLANG_WARN_OBJC_LITERAL_CONVERSION = YES;
				CLANG_WARN_OBJC_ROOT_CLASS = YES_ERROR;
				CLANG_WARN_QUOTED_INCLUDE_IN_FRAMEWORK_HEADER = YES;
				CLANG_WARN_RANGE_LOOP_ANALYSIS = YES;
				CLANG_WARN_STRICT_PROTOTYPES = YES;
				CLANG_WARN_SUSPICIOUS_MOVE = YES;
				CLANG_WARN_UNGUARDED_AVAILABILITY = YES_AGGRESSIVE;
				CLANG_WARN_UNREACHABLE_CODE = YES;
				CLANG_WARN__DUPLICATE_METHOD_MATCH = YES;
				COPY_PHASE_STRIP = NO;
				DEBUG_INFORMATION_FORMAT = dwarf;
				ENABLE_STRICT_OBJC_MSGSEND = YES;
				ENABLE_TESTABILITY = YES;
				ENABLE_USER_SCRIPT_SANDBOXING = YES;
				GCC_C_LANGUAGE_STANDARD = gnu17;
				GCC_DYNAMIC_NO_PIC = NO;
				GCC_NO_COMMON_BLOCKS = YES;
				GCC_OPTIMIZATION_LEVEL = 0;
				GCC_PREPROCESSOR_DEFINITIONS = (
					"DEBUG=1",
					"$(inherited)",
				);
				GCC_WARN_64_TO_32_BIT_CONVERSION = YES;
				GCC_WARN_ABOUT_RETURN_TYPE = YES_ERROR;
				GCC_WARN_UNDECLARED_SELECTOR = YES;
				GCC_WARN_UNINITIALIZED_AUTOS = YES_AGGRESSIVE;
				GCC_WARN_UNUSED_FUNCTION = YES;
				GCC_WARN_UNUSED_VARIABLE = YES;
				LOCALIZATION_PREFERS_STRING_CATALOGS = YES;
				MTL_ENABLE_DEBUG_INFO = INCLUDE_SOURCE;
				MTL_FAST_MATH = YES;
				ONLY_ACTIVE_ARCH = YES;
				SWIFT_ACTIVE_COMPILATION_CONDITIONS = "DEBUG $(inherited)";
				SWIFT_OPTIMIZATION_LEVEL = "-Onone";
			};
			name = Debug;
		};
		F43DC94B2C360DD7003BDC84 /* Release */ = {
			isa = XCBuildConfiguration;
			buildSettings = {
				ALWAYS_SEARCH_USER_PATHS = NO;
				ASSETCATALOG_COMPILER_GENERATE_SWIFT_ASSET_SYMBOL_EXTENSIONS = YES;
				CLANG_ANALYZER_NONNULL = YES;
				CLANG_ANALYZER_NUMBER_OBJECT_CONVERSION = YES_AGGRESSIVE;
				CLANG_CXX_LANGUAGE_STANDARD = "gnu++20";
				CLANG_ENABLE_MODULES = YES;
				CLANG_ENABLE_OBJC_ARC = YES;
				CLANG_ENABLE_OBJC_WEAK = YES;
				CLANG_WARN_BLOCK_CAPTURE_AUTORELEASING = YES;
				CLANG_WARN_BOOL_CONVERSION = YES;
				CLANG_WARN_COMMA = YES;
				CLANG_WARN_CONSTANT_CONVERSION = YES;
				CLANG_WARN_DEPRECATED_OBJC_IMPLEMENTATIONS = YES;
				CLANG_WARN_DIRECT_OBJC_ISA_USAGE = YES_ERROR;
				CLANG_WARN_DOCUMENTATION_COMMENTS = YES;
				CLANG_WARN_EMPTY_BODY = YES;
				CLANG_WARN_ENUM_CONVERSION = YES;
				CLANG_WARN_INFINITE_RECURSION = YES;
				CLANG_WARN_INT_CONVERSION = YES;
				CLANG_WARN_NON_LITERAL_NULL_CONVERSION = YES;
				CLANG_WARN_OBJC_IMPLICIT_RETAIN_SELF = YES;
				CLANG_WARN_OBJC_LITERAL_CONVERSION = YES;
				CLANG_WARN_OBJC_ROOT_CLASS = YES_ERROR;
				CLANG_WARN_QUOTED_INCLUDE_IN_FRAMEWORK_HEADER = YES;
				CLANG_WARN_RANGE_LOOP_ANALYSIS = YES;
				CLANG_WARN_STRICT_PROTOTYPES = YES;
				CLANG_WARN_SUSPICIOUS_MOVE = YES;
				CLANG_WARN_UNGUARDED_AVAILABILITY = YES_AGGRESSIVE;
				CLANG_WARN_UNREACHABLE_CODE = YES;
				CLANG_WARN__DUPLICATE_METHOD_MATCH = YES;
				COPY_PHASE_STRIP = NO;
				DEBUG_INFORMATION_FORMAT = "dwarf-with-dsym";
				ENABLE_NS_ASSERTIONS = NO;
				ENABLE_STRICT_OBJC_MSGSEND = YES;
				ENABLE_USER_SCRIPT_SANDBOXING = YES;
				GCC_C_LANGUAGE_STANDARD = gnu17;
				GCC_NO_COMMON_BLOCKS = YES;
				GCC_WARN_64_TO_32_BIT_CONVERSION = YES;
				GCC_WARN_ABOUT_RETURN_TYPE = YES_ERROR;
				GCC_WARN_UNDECLARED_SELECTOR = YES;
				GCC_WARN_UNINITIALIZED_AUTOS = YES_AGGRESSIVE;
				GCC_WARN_UNUSED_FUNCTION = YES;
				GCC_WARN_UNUSED_VARIABLE = YES;
				LOCALIZATION_PREFERS_STRING_CATALOGS = YES;
				MTL_ENABLE_DEBUG_INFO = NO;
				MTL_FAST_MATH = YES;
				SWIFT_COMPILATION_MODE = wholemodule;
			};
			name = Release;
		};
		F43DC94D2C360DD7003BDC84 /* Debug */ = {
			isa = XCBuildConfiguration;
			buildSettings = {
				ASSETCATALOG_COMPILER_APPICON_NAME = "AppIcon 1";
				ASSETCATALOG_COMPILER_GLOBAL_ACCENT_COLOR_NAME = AccentColor;
				ASSETCATALOG_COMPILER_INCLUDE_ALL_APPICON_ASSETS = NO;
				CODE_SIGN_ENTITLEMENTS = "Desserts-Gallore-y/Desserts_Gallore_y.entitlements";
				CODE_SIGN_STYLE = Automatic;
				CURRENT_PROJECT_VERSION = 1;
				DEVELOPMENT_ASSET_PATHS = "\"Desserts-Gallore-y/Preview Content\"";
				DEVELOPMENT_TEAM = 3N65XM357M;
				ENABLE_HARDENED_RUNTIME = YES;
				ENABLE_PREVIEWS = YES;
				GENERATE_INFOPLIST_FILE = YES;
				"INFOPLIST_KEY_UIApplicationSceneManifest_Generation[sdk=iphoneos*]" = YES;
				"INFOPLIST_KEY_UIApplicationSceneManifest_Generation[sdk=iphonesimulator*]" = YES;
				"INFOPLIST_KEY_UIApplicationSupportsIndirectInputEvents[sdk=iphoneos*]" = YES;
				"INFOPLIST_KEY_UIApplicationSupportsIndirectInputEvents[sdk=iphonesimulator*]" = YES;
				"INFOPLIST_KEY_UILaunchScreen_Generation[sdk=iphoneos*]" = YES;
				"INFOPLIST_KEY_UILaunchScreen_Generation[sdk=iphonesimulator*]" = YES;
				INFOPLIST_KEY_UIStatusBarStyle = "";
				"INFOPLIST_KEY_UIStatusBarStyle[sdk=iphoneos*]" = UIStatusBarStyleDefault;
				"INFOPLIST_KEY_UIStatusBarStyle[sdk=iphonesimulator*]" = UIStatusBarStyleDefault;
				INFOPLIST_KEY_UISupportedInterfaceOrientations = UIInterfaceOrientationPortrait;
				INFOPLIST_KEY_UISupportedInterfaceOrientations_iPad = "UIInterfaceOrientationLandscapeLeft UIInterfaceOrientationLandscapeRight UIInterfaceOrientationPortrait UIInterfaceOrientationPortraitUpsideDown";
				IPHONEOS_DEPLOYMENT_TARGET = 16.0;
				LD_RUNPATH_SEARCH_PATHS = "@executable_path/Frameworks";
				"LD_RUNPATH_SEARCH_PATHS[sdk=macosx*]" = "@executable_path/../Frameworks";
				MARKETING_VERSION = 1.0;
				PRODUCT_BUNDLE_IDENTIFIER = "com.test.sampleapp.Desserts-Gallore-y";
				PRODUCT_NAME = "$(TARGET_NAME)";
				SDKROOT = auto;
				SUPPORTED_PLATFORMS = "iphoneos iphonesimulator";
				SUPPORTS_MACCATALYST = NO;
				SWIFT_EMIT_LOC_STRINGS = YES;
				SWIFT_VERSION = 5.0;
				TARGETED_DEVICE_FAMILY = 1;
			};
			name = Debug;
		};
		F43DC94E2C360DD7003BDC84 /* Release */ = {
			isa = XCBuildConfiguration;
			buildSettings = {
				ASSETCATALOG_COMPILER_APPICON_NAME = "AppIcon 1";
				ASSETCATALOG_COMPILER_GLOBAL_ACCENT_COLOR_NAME = AccentColor;
				ASSETCATALOG_COMPILER_INCLUDE_ALL_APPICON_ASSETS = NO;
				CODE_SIGN_ENTITLEMENTS = "Desserts-Gallore-y/Desserts_Gallore_y.entitlements";
				CODE_SIGN_STYLE = Automatic;
				CURRENT_PROJECT_VERSION = 1;
				DEVELOPMENT_ASSET_PATHS = "\"Desserts-Gallore-y/Preview Content\"";
				DEVELOPMENT_TEAM = 3N65XM357M;
				ENABLE_HARDENED_RUNTIME = YES;
				ENABLE_PREVIEWS = YES;
				GENERATE_INFOPLIST_FILE = YES;
				"INFOPLIST_KEY_UIApplicationSceneManifest_Generation[sdk=iphoneos*]" = YES;
				"INFOPLIST_KEY_UIApplicationSceneManifest_Generation[sdk=iphonesimulator*]" = YES;
				"INFOPLIST_KEY_UIApplicationSupportsIndirectInputEvents[sdk=iphoneos*]" = YES;
				"INFOPLIST_KEY_UIApplicationSupportsIndirectInputEvents[sdk=iphonesimulator*]" = YES;
				"INFOPLIST_KEY_UILaunchScreen_Generation[sdk=iphoneos*]" = YES;
				"INFOPLIST_KEY_UILaunchScreen_Generation[sdk=iphonesimulator*]" = YES;
				INFOPLIST_KEY_UIStatusBarStyle = "";
				"INFOPLIST_KEY_UIStatusBarStyle[sdk=iphoneos*]" = UIStatusBarStyleDefault;
				"INFOPLIST_KEY_UIStatusBarStyle[sdk=iphonesimulator*]" = UIStatusBarStyleDefault;
				INFOPLIST_KEY_UISupportedInterfaceOrientations = UIInterfaceOrientationPortrait;
				INFOPLIST_KEY_UISupportedInterfaceOrientations_iPad = "UIInterfaceOrientationLandscapeLeft UIInterfaceOrientationLandscapeRight UIInterfaceOrientationPortrait UIInterfaceOrientationPortraitUpsideDown";
				IPHONEOS_DEPLOYMENT_TARGET = 16.0;
				LD_RUNPATH_SEARCH_PATHS = "@executable_path/Frameworks";
				"LD_RUNPATH_SEARCH_PATHS[sdk=macosx*]" = "@executable_path/../Frameworks";
				MARKETING_VERSION = 1.0;
				PRODUCT_BUNDLE_IDENTIFIER = "com.test.sampleapp.Desserts-Gallore-y";
				PRODUCT_NAME = "$(TARGET_NAME)";
				SDKROOT = auto;
				SUPPORTED_PLATFORMS = "iphoneos iphonesimulator";
				SUPPORTS_MACCATALYST = NO;
				SWIFT_EMIT_LOC_STRINGS = YES;
				SWIFT_VERSION = 5.0;
				TARGETED_DEVICE_FAMILY = 1;
			};
			name = Release;
		};
		F43DC9502C360DD7003BDC84 /* Debug */ = {
			isa = XCBuildConfiguration;
			buildSettings = {
				ALWAYS_EMBED_SWIFT_STANDARD_LIBRARIES = YES;
				BUNDLE_LOADER = "$(TEST_HOST)";
				CODE_SIGN_STYLE = Automatic;
				CURRENT_PROJECT_VERSION = 1;
				DEVELOPMENT_TEAM = 3N65XM357M;
				GENERATE_INFOPLIST_FILE = YES;
				IPHONEOS_DEPLOYMENT_TARGET = 16.0;
				MACOSX_DEPLOYMENT_TARGET = 14.4;
				MARKETING_VERSION = 1.0;
				PRODUCT_BUNDLE_IDENTIFIER = "com.test.sampleapp.Desserts-Gallore-yTests";
				PRODUCT_NAME = "$(TARGET_NAME)";
				SDKROOT = auto;
				SUPPORTED_PLATFORMS = "iphoneos iphonesimulator";
				SUPPORTS_MACCATALYST = NO;
				SWIFT_EMIT_LOC_STRINGS = NO;
				SWIFT_VERSION = 5.0;
				TARGETED_DEVICE_FAMILY = 1;
				TEST_HOST = "$(BUILT_PRODUCTS_DIR)/Desserts-Gallore-y.app/$(BUNDLE_EXECUTABLE_FOLDER_PATH)/Desserts-Gallore-y";
			};
			name = Debug;
		};
		F43DC9512C360DD7003BDC84 /* Release */ = {
			isa = XCBuildConfiguration;
			buildSettings = {
				ALWAYS_EMBED_SWIFT_STANDARD_LIBRARIES = YES;
				BUNDLE_LOADER = "$(TEST_HOST)";
				CODE_SIGN_STYLE = Automatic;
				CURRENT_PROJECT_VERSION = 1;
				DEVELOPMENT_TEAM = 3N65XM357M;
				GENERATE_INFOPLIST_FILE = YES;
				IPHONEOS_DEPLOYMENT_TARGET = 16.0;
				MACOSX_DEPLOYMENT_TARGET = 14.4;
				MARKETING_VERSION = 1.0;
				PRODUCT_BUNDLE_IDENTIFIER = "com.test.sampleapp.Desserts-Gallore-yTests";
				PRODUCT_NAME = "$(TARGET_NAME)";
				SDKROOT = auto;
				SUPPORTED_PLATFORMS = "iphoneos iphonesimulator";
				SUPPORTS_MACCATALYST = NO;
				SWIFT_EMIT_LOC_STRINGS = NO;
				SWIFT_VERSION = 5.0;
				TARGETED_DEVICE_FAMILY = 1;
				TEST_HOST = "$(BUILT_PRODUCTS_DIR)/Desserts-Gallore-y.app/$(BUNDLE_EXECUTABLE_FOLDER_PATH)/Desserts-Gallore-y";
			};
			name = Release;
		};
		F43DC9532C360DD7003BDC84 /* Debug */ = {
			isa = XCBuildConfiguration;
			buildSettings = {
				ALWAYS_EMBED_SWIFT_STANDARD_LIBRARIES = YES;
				CODE_SIGN_STYLE = Automatic;
				CURRENT_PROJECT_VERSION = 1;
				DEVELOPMENT_TEAM = 3N65XM357M;
				GENERATE_INFOPLIST_FILE = YES;
				IPHONEOS_DEPLOYMENT_TARGET = 16.0;
				MACOSX_DEPLOYMENT_TARGET = 14.4;
				MARKETING_VERSION = 1.0;
				PRODUCT_BUNDLE_IDENTIFIER = "com.test.sampleapp.Desserts-Gallore-yUITests";
				PRODUCT_NAME = "$(TARGET_NAME)";
				SDKROOT = auto;
				SUPPORTED_PLATFORMS = "iphoneos iphonesimulator";
				SUPPORTS_MACCATALYST = NO;
				SWIFT_EMIT_LOC_STRINGS = NO;
				SWIFT_VERSION = 5.0;
				TARGETED_DEVICE_FAMILY = 1;
				TEST_TARGET_NAME = "Desserts-Gallore-y";
			};
			name = Debug;
		};
		F43DC9542C360DD7003BDC84 /* Release */ = {
			isa = XCBuildConfiguration;
			buildSettings = {
				ALWAYS_EMBED_SWIFT_STANDARD_LIBRARIES = YES;
				CODE_SIGN_STYLE = Automatic;
				CURRENT_PROJECT_VERSION = 1;
				DEVELOPMENT_TEAM = 3N65XM357M;
				GENERATE_INFOPLIST_FILE = YES;
				IPHONEOS_DEPLOYMENT_TARGET = 16.0;
				MACOSX_DEPLOYMENT_TARGET = 14.4;
				MARKETING_VERSION = 1.0;
				PRODUCT_BUNDLE_IDENTIFIER = "com.test.sampleapp.Desserts-Gallore-yUITests";
				PRODUCT_NAME = "$(TARGET_NAME)";
				SDKROOT = auto;
				SUPPORTED_PLATFORMS = "iphoneos iphonesimulator";
				SUPPORTS_MACCATALYST = NO;
				SWIFT_EMIT_LOC_STRINGS = NO;
				SWIFT_VERSION = 5.0;
				TARGETED_DEVICE_FAMILY = 1;
				TEST_TARGET_NAME = "Desserts-Gallore-y";
			};
			name = Release;
		};
/* End XCBuildConfiguration section */

/* Begin XCConfigurationList section */
		F43DC9222C360DD1003BDC84 /* Build configuration list for PBXProject "Desserts-Gallore-y" */ = {
			isa = XCConfigurationList;
			buildConfigurations = (
				F43DC94A2C360DD7003BDC84 /* Debug */,
				F43DC94B2C360DD7003BDC84 /* Release */,
			);
			defaultConfigurationIsVisible = 0;
			defaultConfigurationName = Release;
		};
		F43DC94C2C360DD7003BDC84 /* Build configuration list for PBXNativeTarget "Desserts-Gallore-y" */ = {
			isa = XCConfigurationList;
			buildConfigurations = (
				F43DC94D2C360DD7003BDC84 /* Debug */,
				F43DC94E2C360DD7003BDC84 /* Release */,
			);
			defaultConfigurationIsVisible = 0;
			defaultConfigurationName = Release;
		};
		F43DC94F2C360DD7003BDC84 /* Build configuration list for PBXNativeTarget "Desserts-Gallore-yTests" */ = {
			isa = XCConfigurationList;
			buildConfigurations = (
				F43DC9502C360DD7003BDC84 /* Debug */,
				F43DC9512C360DD7003BDC84 /* Release */,
			);
			defaultConfigurationIsVisible = 0;
			defaultConfigurationName = Release;
		};
		F43DC9522C360DD7003BDC84 /* Build configuration list for PBXNativeTarget "Desserts-Gallore-yUITests" */ = {
			isa = XCConfigurationList;
			buildConfigurations = (
				F43DC9532C360DD7003BDC84 /* Debug */,
				F43DC9542C360DD7003BDC84 /* Release */,
			);
			defaultConfigurationIsVisible = 0;
			defaultConfigurationName = Release;
		};
/* End XCConfigurationList section */
	};
	rootObject = F43DC91F2C360DD1003BDC84 /* Project object */;
}
